# THIS IS AN AUTOGENERATED FILE. DO NOT EDIT THIS FILE DIRECTLY.
# yarn lockfile v1


"@esbuild/win32-x64@0.18.20":
  "integrity" "sha512-kTdfRcSiDfQca/y9QIkng02avJ+NCaQvrMejlsB3RRv5sE9rRoeBPISaZpKxHELzRxZyLvNts1P27W3wV+8geQ=="
  "resolved" "https://registry.npmjs.org/@esbuild/win32-x64/-/win32-x64-0.18.20.tgz"
  "version" "0.18.20"

"@tauri-apps/api@^1.4.0":
  "integrity" "sha512-Jd6HPoTM1PZSFIzq7FB8VmMu3qSSyo/3lSwLpoapW+lQ41CL5Dow2KryLg+gyazA/58DRWI9vu/XpEeHK4uMdw=="
  "resolved" "https://registry.npmjs.org/@tauri-apps/api/-/api-1.4.0.tgz"
  "version" "1.4.0"

"@tauri-apps/cli-win32-x64-msvc@1.4.0":
  "integrity" "sha512-z8Olcnwp5aYhzqUAarFjqF+oELCjuYWnB2HAJHlfsYNfDCAORY5kct3Fklz8PSsubC3U2EugWn8n42DwnThurg=="
  "resolved" "https://registry.npmjs.org/@tauri-apps/cli-win32-x64-msvc/-/cli-win32-x64-msvc-1.4.0.tgz"
  "version" "1.4.0"

"@tauri-apps/cli@^1.4.0":
  "integrity" "sha512-VXYr2i2iVFl98etQSQsqLzXgX96bnWiNZd1YADgatqwy/qecbd6Kl5ZAPB5R4ynsgE8A1gU7Fbzh7dCEQYFfmA=="
  "resolved" "https://registry.npmjs.org/@tauri-apps/cli/-/cli-1.4.0.tgz"
  "version" "1.4.0"
  optionalDependencies:
    "@tauri-apps/cli-darwin-arm64" "1.4.0"
    "@tauri-apps/cli-darwin-x64" "1.4.0"
    "@tauri-apps/cli-linux-arm-gnueabihf" "1.4.0"
    "@tauri-apps/cli-linux-arm64-gnu" "1.4.0"
    "@tauri-apps/cli-linux-arm64-musl" "1.4.0"
    "@tauri-apps/cli-linux-x64-gnu" "1.4.0"
    "@tauri-apps/cli-linux-x64-musl" "1.4.0"
    "@tauri-apps/cli-win32-arm64-msvc" "1.4.0"
    "@tauri-apps/cli-win32-ia32-msvc" "1.4.0"
    "@tauri-apps/cli-win32-x64-msvc" "1.4.0"

"@types/ini@^1.3.34":
  "integrity" "sha512-FafeLhwmWucTi31ZYg/6aHBZNyrogQ35aDvSW7zMAz3HMhUqQ4G/NBya8c5pe2jwoYsDFwra8O9/yZotong76g=="
  "resolved" "https://registry.npmmirror.com/@types/ini/-/ini-1.3.34.tgz"
  "version" "1.3.34"

"esbuild@^0.18.10":
  "integrity" "sha512-ceqxoedUrcayh7Y7ZX6NdbbDzGROiyVBgC4PriJThBKSVPWnnFHZAkfI1lJT8QFkOwH4qOS2SJkS4wvpGl8BpA=="
  "resolved" "https://registry.npmjs.org/esbuild/-/esbuild-0.18.20.tgz"
  "version" "0.18.20"
  optionalDependencies:
    "@esbuild/android-arm" "0.18.20"
    "@esbuild/android-arm64" "0.18.20"
    "@esbuild/android-x64" "0.18.20"
    "@esbuild/darwin-arm64" "0.18.20"
    "@esbuild/darwin-x64" "0.18.20"
    "@esbuild/freebsd-arm64" "0.18.20"
    "@esbuild/freebsd-x64" "0.18.20"
    "@esbuild/linux-arm" "0.18.20"
    "@esbuild/linux-arm64" "0.18.20"
    "@esbuild/linux-ia32" "0.18.20"
    "@esbuild/linux-loong64" "0.18.20"
    "@esbuild/linux-mips64el" "0.18.20"
    "@esbuild/linux-ppc64" "0.18.20"
    "@esbuild/linux-riscv64" "0.18.20"
    "@esbuild/linux-s390x" "0.18.20"
    "@esbuild/linux-x64" "0.18.20"
    "@esbuild/netbsd-x64" "0.18.20"
    "@esbuild/openbsd-x64" "0.18.20"
    "@esbuild/sunos-x64" "0.18.20"
    "@esbuild/win32-arm64" "0.18.20"
    "@esbuild/win32-ia32" "0.18.20"
    "@esbuild/win32-x64" "0.18.20"

"ini@^4.1.1":
  "integrity" "sha512-QQnnxNyfvmHFIsj7gkPcYymR8Jdw/o7mp5ZFihxn6h8Ci6fh3Dx4E1gPjpQEpIuPo9XVNY/ZUwh4BPMjGyL01g=="
  "resolved" "https://registry.npmmirror.com/ini/-/ini-4.1.1.tgz"
  "version" "4.1.1"

"nanoid@^3.3.6":
  "integrity" "sha512-BGcqMMJuToF7i1rt+2PWSNVnWIkGCU78jBG3RxO/bZlnZPK2Cmi2QaffxGO/2RvWi9sL+FAiRiXMgsyxQ1DIDA=="
  "resolved" "https://registry.npmjs.org/nanoid/-/nanoid-3.3.6.tgz"
  "version" "3.3.6"

"picocolors@^1.0.0":
  "integrity" "sha512-1fygroTLlHu66zi26VoTDv8yRgm0Fccecssto+MhsZ0D/DGW2sm8E8AjW7NU5VVTRt5GxbeZ5qBuJr+HyLYkjQ=="
  "resolved" "https://registry.npmjs.org/picocolors/-/picocolors-1.0.0.tgz"
  "version" "1.0.0"

"postcss@^8.4.27":
  "integrity" "sha512-7ZEao1g4kd68l97aWG/etQKPKq07us0ieSZ2TnFDk11i0ZfDW2AwKHYU8qv4MZKqN2fdBfg+7q0ES06UA73C1g=="
  "resolved" "https://registry.npmjs.org/postcss/-/postcss-8.4.30.tgz"
  "version" "8.4.30"
  dependencies:
    "nanoid" "^3.3.6"
    "picocolors" "^1.0.0"
    "source-map-js" "^1.0.2"

"rollup@^3.27.1":
  "integrity" "sha512-T7du6Hum8jOkSWetjRgbwpM6Sy0nECYrYRSmZjayFcOddtKJWU4d17AC3HNUk7HRuqy4p+G7aEZclSHytqUmEg=="
  "resolved" "https://registry.npmjs.org/rollup/-/rollup-3.29.3.tgz"
  "version" "3.29.3"
  optionalDependencies:
    "fsevents" "~2.3.2"

"source-map-js@^1.0.2":
  "integrity" "sha512-R0XvVJ9WusLiqTCEiGCmICCMplcCkIwwR11mOSD9CR5u+IXYdiseeEuXCVAjS54zqwkLcPNnmU4OeJ6tUrWhDw=="
  "resolved" "https://registry.npmjs.org/source-map-js/-/source-map-js-1.0.2.tgz"
  "version" "1.0.2"

"typescript@^5.0.2":
  "integrity" "sha512-mI4WrpHsbCIcwT9cF4FZvr80QUeKvsUsUvKDoR+X/7XHQH98xYD8YHZg7ANtz2GtZt/CBq2QJ0thkGJMHfqc1w=="
  "resolved" "https://registry.npmjs.org/typescript/-/typescript-5.2.2.tgz"
  "version" "5.2.2"

"vite@^4.4.4":
  "integrity" "sha512-2mbUn2LlUmNASWwSCNSJ/EG2HuSRTnVNaydp6vMCm5VIqJsjMfbIWtbH2kDuwUVW5mMUKKZvGPX/rqeqVvv1XA=="
  "resolved" "https://registry.npmjs.org/vite/-/vite-4.4.9.tgz"
  "version" "4.4.9"
  dependencies:
    "esbuild" "^0.18.10"
    "postcss" "^8.4.27"
    "rollup" "^3.27.1"
  optionalDependencies:
    "fsevents" "~2.3.2"
